
Microsoft Visual Studio Solution File, Format Version 12.00
# Visual Studio 15
VisualStudioVersion = 15.0.28307.645
MinimumVisualStudioVersion = 10.0.40219.1
Project("{FAE04EC0-301F-11D3-BF4B-00C04F79EFBC}") = "mbcPhone", "mbcPhone\mbcPhone.csproj", "{7D1CFA51-D8BE-4CDB-B440-E26F35EE9A25}"
EndProject
Project("{FAE04EC0-301F-11D3-BF4B-00C04F79EFBC}") = "apiPhone", "apiPhone\apiPhone.csproj", "{3549894B-36C4-43C8-A155-8856ADF3A6F5}"
EndProject
Project("{FAE04EC0-301F-11D3-BF4B-00C04F79EFBC}") = "appPhone.Android", "appPhone\appPhone.Android\appPhone.Android.csproj", "{26B2BB20-26F3-49DD-B223-F630FEC51F4A}"
EndProject
Project("{FAE04EC0-301F-11D3-BF4B-00C04F79EFBC}") = "appPhone.iOS", "appPhone\appPhone.iOS\appPhone.iOS.csproj", "{68C3EE34-2F2A-4C65-8765-21CF2FD8A71C}"
EndProject
Project("{9A19103F-16F7-4668-BE54-9A1E7A4F7556}") = "appPhone", "appPhone\appPhone\appPhone.csproj", "{77AE6C41-A642-4E70-9F1B-92706390C655}"
EndProject
Project("{FAE04EC0-301F-11D3-BF4B-00C04F79EFBC}") = "apiPhoneSecurity", "apiPhoneSecurity\apiPhoneSecurity.csproj", "{A63B6B94-3410-4D40-97B0-D2067576BA0F}"
EndProject
Global
	GlobalSection(SolutionConfigurationPlatforms) = preSolution
		Ad-Hoc|Any CPU = Ad-Hoc|Any CPU
		Ad-Hoc|iPhone = Ad-Hoc|iPhone
		Ad-Hoc|iPhoneSimulator = Ad-Hoc|iPhoneSimulator
		AppStore|Any CPU = AppStore|Any CPU
		AppStore|iPhone = AppStore|iPhone
		AppStore|iPhoneSimulator = AppStore|iPhoneSimulator
		Debug|Any CPU = Debug|Any CPU
		Debug|iPhone = Debug|iPhone
		Debug|iPhoneSimulator = Debug|iPhoneSimulator
		Release|Any CPU = Release|Any CPU
		Release|iPhone = Release|iPhone
		Release|iPhoneSimulator = Release|iPhoneSimulator
	EndGlobalSection
	GlobalSection(ProjectConfigurationPlatforms) = postSolution
		{7D1CFA51-D8BE-4CDB-B440-E26F35EE9A25}.Ad-Hoc|Any CPU.ActiveCfg = Release|Any CPU
		{7D1CFA51-D8BE-4CDB-B440-E26F35EE9A25}.Ad-Hoc|Any CPU.Build.0 = Release|Any CPU
		{7D1CFA51-D8BE-4CDB-B440-E26F35EE9A25}.Ad-Hoc|iPhone.ActiveCfg = Release|Any CPU
		{7D1CFA51-D8BE-4CDB-B440-E26F35EE9A25}.Ad-Hoc|iPhone.Build.0 = Release|Any CPU
		{7D1CFA51-D8BE-4CDB-B440-E26F35EE9A25}.Ad-Hoc|iPhoneSimulator.ActiveCfg = Release|Any CPU
		{7D1CFA51-D8BE-4CDB-B440-E26F35EE9A25}.Ad-Hoc|iPhoneSimulator.Build.0 = Release|Any CPU
		{7D1CFA51-D8BE-4CDB-B440-E26F35EE9A25}.AppStore|Any CPU.ActiveCfg = Release|Any CPU
		{7D1CFA51-D8BE-4CDB-B440-E26F35EE9A25}.AppStore|Any CPU.Build.0 = Release|Any CPU
		{7D1CFA51-D8BE-4CDB-B440-E26F35EE9A25}.AppStore|iPhone.ActiveCfg = Release|Any CPU
		{7D1CFA51-D8BE-4CDB-B440-E26F35EE9A25}.AppStore|iPhone.Build.0 = Release|Any CPU
		{7D1CFA51-D8BE-4CDB-B440-E26F35EE9A25}.AppStore|iPhoneSimulator.ActiveCfg = Release|Any CPU
		{7D1CFA51-D8BE-4CDB-B440-E26F35EE9A25}.AppStore|iPhoneSimulator.Build.0 = Release|Any CPU
		{7D1CFA51-D8BE-4CDB-B440-E26F35EE9A25}.Debug|Any CPU.ActiveCfg = Debug|Any CPU
		{7D1CFA51-D8BE-4CDB-B440-E26F35EE9A25}.Debug|Any CPU.Build.0 = Debug|Any CPU
		{7D1CFA51-D8BE-4CDB-B440-E26F35EE9A25}.Debug|iPhone.ActiveCfg = Debug|Any CPU
		{7D1CFA51-D8BE-4CDB-B440-E26F35EE9A25}.Debug|iPhone.Build.0 = Debug|Any CPU
		{7D1CFA51-D8BE-4CDB-B440-E26F35EE9A25}.Debug|iPhoneSimulator.ActiveCfg = Debug|Any CPU
		{7D1CFA51-D8BE-4CDB-B440-E26F35EE9A25}.Debug|iPhoneSimulator.Build.0 = Debug|Any CPU
		{7D1CFA51-D8BE-4CDB-B440-E26F35EE9A25}.Release|Any CPU.ActiveCfg = Release|Any CPU
		{7D1CFA51-D8BE-4CDB-B440-E26F35EE9A25}.Release|Any CPU.Build.0 = Release|Any CPU
		{7D1CFA51-D8BE-4CDB-B440-E26F35EE9A25}.Release|iPhone.ActiveCfg = Release|Any CPU
		{7D1CFA51-D8BE-4CDB-B440-E26F35EE9A25}.Release|iPhone.Build.0 = Release|Any CPU
		{7D1CFA51-D8BE-4CDB-B440-E26F35EE9A25}.Release|iPhoneSimulator.ActiveCfg = Release|Any CPU
		{7D1CFA51-D8BE-4CDB-B440-E26F35EE9A25}.Release|iPhoneSimulator.Build.0 = Release|Any CPU
		{3549894B-36C4-43C8-A155-8856ADF3A6F5}.Ad-Hoc|Any CPU.ActiveCfg = Release|Any CPU
		{3549894B-36C4-43C8-A155-8856ADF3A6F5}.Ad-Hoc|Any CPU.Build.0 = Release|Any CPU
		{3549894B-36C4-43C8-A155-8856ADF3A6F5}.Ad-Hoc|iPhone.ActiveCfg = Release|Any CPU
		{3549894B-36C4-43C8-A155-8856ADF3A6F5}.Ad-Hoc|iPhone.Build.0 = Release|Any CPU
		{3549894B-36C4-43C8-A155-8856ADF3A6F5}.Ad-Hoc|iPhoneSimulator.ActiveCfg = Release|Any CPU
		{3549894B-36C4-43C8-A155-8856ADF3A6F5}.Ad-Hoc|iPhoneSimulator.Build.0 = Release|Any CPU
		{3549894B-36C4-43C8-A155-8856ADF3A6F5}.AppStore|Any CPU.ActiveCfg = Release|Any CPU
		{3549894B-36C4-43C8-A155-8856ADF3A6F5}.AppStore|Any CPU.Build.0 = Release|Any CPU
		{3549894B-36C4-43C8-A155-8856ADF3A6F5}.AppStore|iPhone.ActiveCfg = Release|Any CPU
		{3549894B-36C4-43C8-A155-8856ADF3A6F5}.AppStore|iPhone.Build.0 = Release|Any CPU
		{3549894B-36C4-43C8-A155-8856ADF3A6F5}.AppStore|iPhoneSimulator.ActiveCfg = Release|Any CPU
		{3549894B-36C4-43C8-A155-8856ADF3A6F5}.AppStore|iPhoneSimulator.Build.0 = Release|Any CPU
		{3549894B-36C4-43C8-A155-8856ADF3A6F5}.Debug|Any CPU.ActiveCfg = Debug|Any CPU
		{3549894B-36C4-43C8-A155-8856ADF3A6F5}.Debug|Any CPU.Build.0 = Debug|Any CPU
		{3549894B-36C4-43C8-A155-8856ADF3A6F5}.Debug|iPhone.ActiveCfg = Debug|Any CPU
		{3549894B-36C4-43C8-A155-8856ADF3A6F5}.Debug|iPhone.Build.0 = Debug|Any CPU
		{3549894B-36C4-43C8-A155-8856ADF3A6F5}.Debug|iPhoneSimulator.ActiveCfg = Debug|Any CPU
		{3549894B-36C4-43C8-A155-8856ADF3A6F5}.Debug|iPhoneSimulator.Build.0 = Debug|Any CPU
		{3549894B-36C4-43C8-A155-8856ADF3A6F5}.Release|Any CPU.ActiveCfg = Release|Any CPU
		{3549894B-36C4-43C8-A155-8856ADF3A6F5}.Release|Any CPU.Build.0 = Release|Any CPU
		{3549894B-36C4-43C8-A155-8856ADF3A6F5}.Release|iPhone.ActiveCfg = Release|Any CPU
		{3549894B-36C4-43C8-A155-8856ADF3A6F5}.Release|iPhone.Build.0 = Release|Any CPU
		{3549894B-36C4-43C8-A155-8856ADF3A6F5}.Release|iPhoneSimulator.ActiveCfg = Release|Any CPU
		{3549894B-36C4-43C8-A155-8856ADF3A6F5}.Release|iPhoneSimulator.Build.0 = Release|Any CPU
		{26B2BB20-26F3-49DD-B223-F630FEC51F4A}.Ad-Hoc|Any CPU.ActiveCfg = Release|Any CPU
		{26B2BB20-26F3-49DD-B223-F630FEC51F4A}.Ad-Hoc|Any CPU.Build.0 = Release|Any CPU
		{26B2BB20-26F3-49DD-B223-F630FEC51F4A}.Ad-Hoc|Any CPU.Deploy.0 = Release|Any CPU
		{26B2BB20-26F3-49DD-B223-F630FEC51F4A}.Ad-Hoc|iPhone.ActiveCfg = Release|Any CPU
		{26B2BB20-26F3-49DD-B223-F630FEC51F4A}.Ad-Hoc|iPhone.Build.0 = Release|Any CPU
		{26B2BB20-26F3-49DD-B223-F630FEC51F4A}.Ad-Hoc|iPhone.Deploy.0 = Release|Any CPU
		{26B2BB20-26F3-49DD-B223-F630FEC51F4A}.Ad-Hoc|iPhoneSimulator.ActiveCfg = Release|Any CPU
		{26B2BB20-26F3-49DD-B223-F630FEC51F4A}.Ad-Hoc|iPhoneSimulator.Build.0 = Release|Any CPU
		{26B2BB20-26F3-49DD-B223-F630FEC51F4A}.Ad-Hoc|iPhoneSimulator.Deploy.0 = Release|Any CPU
		{26B2BB20-26F3-49DD-B223-F630FEC51F4A}.AppStore|Any CPU.ActiveCfg = Release|Any CPU
		{26B2BB20-26F3-49DD-B223-F630FEC51F4A}.AppStore|Any CPU.Build.0 = Release|Any CPU
		{26B2BB20-26F3-49DD-B223-F630FEC51F4A}.AppStore|Any CPU.Deploy.0 = Release|Any CPU
		{26B2BB20-26F3-49DD-B223-F630FEC51F4A}.AppStore|iPhone.ActiveCfg = Release|Any CPU
		{26B2BB20-26F3-49DD-B223-F630FEC51F4A}.AppStore|iPhone.Build.0 = Release|Any CPU
		{26B2BB20-26F3-49DD-B223-F630FEC51F4A}.AppStore|iPhone.Deploy.0 = Release|Any CPU
		{26B2BB20-26F3-49DD-B223-F630FEC51F4A}.AppStore|iPhoneSimulator.ActiveCfg = Release|Any CPU
		{26B2BB20-26F3-49DD-B223-F630FEC51F4A}.AppStore|iPhoneSimulator.Build.0 = Release|Any CPU
		{26B2BB20-26F3-49DD-B223-F630FEC51F4A}.AppStore|iPhoneSimulator.Deploy.0 = Release|Any CPU
		{26B2BB20-26F3-49DD-B223-F630FEC51F4A}.Debug|Any CPU.ActiveCfg = Debug|Any CPU
		{26B2BB20-26F3-49DD-B223-F630FEC51F4A}.Debug|Any CPU.Build.0 = Debug|Any CPU
		{26B2BB20-26F3-49DD-B223-F630FEC51F4A}.Debug|Any CPU.Deploy.0 = Debug|Any CPU
		{26B2BB20-26F3-49DD-B223-F630FEC51F4A}.Debug|iPhone.ActiveCfg = Debug|Any CPU
		{26B2BB20-26F3-49DD-B223-F630FEC51F4A}.Debug|iPhone.Build.0 = Debug|Any CPU
		{26B2BB20-26F3-49DD-B223-F630FEC51F4A}.Debug|iPhone.Deploy.0 = Debug|Any CPU
		{26B2BB20-26F3-49DD-B223-F630FEC51F4A}.Debug|iPhoneSimulator.ActiveCfg = Debug|Any CPU
		{26B2BB20-26F3-49DD-B223-F630FEC51F4A}.Debug|iPhoneSimulator.Build.0 = Debug|Any CPU
		{26B2BB20-26F3-49DD-B223-F630FEC51F4A}.Debug|iPhoneSimulator.Deploy.0 = Debug|Any CPU
		{26B2BB20-26F3-49DD-B223-F630FEC51F4A}.Release|Any CPU.ActiveCfg = Release|Any CPU
		{26B2BB20-26F3-49DD-B223-F630FEC51F4A}.Release|Any CPU.Build.0 = Release|Any CPU
		{26B2BB20-26F3-49DD-B223-F630FEC51F4A}.Release|Any CPU.Deploy.0 = Release|Any CPU
		{26B2BB20-26F3-49DD-B223-F630FEC51F4A}.Release|iPhone.ActiveCfg = Release|Any CPU
		{26B2BB20-26F3-49DD-B223-F630FEC51F4A}.Release|iPhone.Build.0 = Release|Any CPU
		{26B2BB20-26F3-49DD-B223-F630FEC51F4A}.Release|iPhone.Deploy.0 = Release|Any CPU
		{26B2BB20-26F3-49DD-B223-F630FEC51F4A}.Release|iPhoneSimulator.ActiveCfg = Release|Any CPU
		{26B2BB20-26F3-49DD-B223-F630FEC51F4A}.Release|iPhoneSimulator.Build.0 = Release|Any CPU
		{26B2BB20-26F3-49DD-B223-F630FEC51F4A}.Release|iPhoneSimulator.Deploy.0 = Release|Any CPU
		{68C3EE34-2F2A-4C65-8765-21CF2FD8A71C}.Ad-Hoc|Any CPU.ActiveCfg = Ad-Hoc|iPhone
		{68C3EE34-2F2A-4C65-8765-21CF2FD8A71C}.Ad-Hoc|iPhone.ActiveCfg = Ad-Hoc|iPhone
		{68C3EE34-2F2A-4C65-8765-21CF2FD8A71C}.Ad-Hoc|iPhone.Build.0 = Ad-Hoc|iPhone
		{68C3EE34-2F2A-4C65-8765-21CF2FD8A71C}.Ad-Hoc|iPhoneSimulator.ActiveCfg = Ad-Hoc|iPhoneSimulator
		{68C3EE34-2F2A-4C65-8765-21CF2FD8A71C}.Ad-Hoc|iPhoneSimulator.Build.0 = Ad-Hoc|iPhoneSimulator
		{68C3EE34-2F2A-4C65-8765-21CF2FD8A71C}.AppStore|Any CPU.ActiveCfg = AppStore|iPhone
		{68C3EE34-2F2A-4C65-8765-21CF2FD8A71C}.AppStore|iPhone.ActiveCfg = AppStore|iPhone
		{68C3EE34-2F2A-4C65-8765-21CF2FD8A71C}.AppStore|iPhone.Build.0 = AppStore|iPhone
		{68C3EE34-2F2A-4C65-8765-21CF2FD8A71C}.AppStore|iPhoneSimulator.ActiveCfg = AppStore|iPhoneSimulator
		{68C3EE34-2F2A-4C65-8765-21CF2FD8A71C}.AppStore|iPhoneSimulator.Build.0 = AppStore|iPhoneSimulator
		{68C3EE34-2F2A-4C65-8765-21CF2FD8A71C}.Debug|Any CPU.ActiveCfg = Debug|iPhone
		{68C3EE34-2F2A-4C65-8765-21CF2FD8A71C}.Debug|iPhone.ActiveCfg = Debug|iPhone
		{68C3EE34-2F2A-4C65-8765-21CF2FD8A71C}.Debug|iPhone.Build.0 = Debug|iPhone
		{68C3EE34-2F2A-4C65-8765-21CF2FD8A71C}.Debug|iPhoneSimulator.ActiveCfg = Debug|iPhoneSimulator
		{68C3EE34-2F2A-4C65-8765-21CF2FD8A71C}.Debug|iPhoneSimulator.Build.0 = Debug|iPhoneSimulator
		{68C3EE34-2F2A-4C65-8765-21CF2FD8A71C}.Release|Any CPU.ActiveCfg = Release|iPhone
		{68C3EE34-2F2A-4C65-8765-21CF2FD8A71C}.Release|iPhone.ActiveCfg = Release|iPhone
		{68C3EE34-2F2A-4C65-8765-21CF2FD8A71C}.Release|iPhone.Build.0 = Release|iPhone
		{68C3EE34-2F2A-4C65-8765-21CF2FD8A71C}.Release|iPhoneSimulator.ActiveCfg = Release|iPhoneSimulator
		{68C3EE34-2F2A-4C65-8765-21CF2FD8A71C}.Release|iPhoneSimulator.Build.0 = Release|iPhoneSimulator
		{77AE6C41-A642-4E70-9F1B-92706390C655}.Ad-Hoc|Any CPU.ActiveCfg = Debug|Any CPU
		{77AE6C41-A642-4E70-9F1B-92706390C655}.Ad-Hoc|Any CPU.Build.0 = Debug|Any CPU
		{77AE6C41-A642-4E70-9F1B-92706390C655}.Ad-Hoc|iPhone.ActiveCfg = Debug|Any CPU
		{77AE6C41-A642-4E70-9F1B-92706390C655}.Ad-Hoc|iPhone.Build.0 = Debug|Any CPU
		{77AE6C41-A642-4E70-9F1B-92706390C655}.Ad-Hoc|iPhoneSimulator.ActiveCfg = Debug|Any CPU
		{77AE6C41-A642-4E70-9F1B-92706390C655}.Ad-Hoc|iPhoneSimulator.Build.0 = Debug|Any CPU
		{77AE6C41-A642-4E70-9F1B-92706390C655}.AppStore|Any CPU.ActiveCfg = Debug|Any CPU
		{77AE6C41-A642-4E70-9F1B-92706390C655}.AppStore|Any CPU.Build.0 = Debug|Any CPU
		{77AE6C41-A642-4E70-9F1B-92706390C655}.AppStore|iPhone.ActiveCfg = Debug|Any CPU
		{77AE6C41-A642-4E70-9F1B-92706390C655}.AppStore|iPhone.Build.0 = Debug|Any CPU
		{77AE6C41-A642-4E70-9F1B-92706390C655}.AppStore|iPhoneSimulator.ActiveCfg = Debug|Any CPU
		{77AE6C41-A642-4E70-9F1B-92706390C655}.AppStore|iPhoneSimulator.Build.0 = Debug|Any CPU
		{77AE6C41-A642-4E70-9F1B-92706390C655}.Debug|Any CPU.ActiveCfg = Debug|Any CPU
		{77AE6C41-A642-4E70-9F1B-92706390C655}.Debug|Any CPU.Build.0 = Debug|Any CPU
		{77AE6C41-A642-4E70-9F1B-92706390C655}.Debug|iPhone.ActiveCfg = Debug|Any CPU
		{77AE6C41-A642-4E70-9F1B-92706390C655}.Debug|iPhone.Build.0 = Debug|Any CPU
		{77AE6C41-A642-4E70-9F1B-92706390C655}.Debug|iPhoneSimulator.ActiveCfg = Debug|Any CPU
		{77AE6C41-A642-4E70-9F1B-92706390C655}.Debug|iPhoneSimulator.Build.0 = Debug|Any CPU
		{77AE6C41-A642-4E70-9F1B-92706390C655}.Release|Any CPU.ActiveCfg = Release|Any CPU
		{77AE6C41-A642-4E70-9F1B-92706390C655}.Release|Any CPU.Build.0 = Release|Any CPU
		{77AE6C41-A642-4E70-9F1B-92706390C655}.Release|iPhone.ActiveCfg = Release|Any CPU
		{77AE6C41-A642-4E70-9F1B-92706390C655}.Release|iPhone.Build.0 = Release|Any CPU
		{77AE6C41-A642-4E70-9F1B-92706390C655}.Release|iPhoneSimulator.ActiveCfg = Release|Any CPU
		{77AE6C41-A642-4E70-9F1B-92706390C655}.Release|iPhoneSimulator.Build.0 = Release|Any CPU
		{A63B6B94-3410-4D40-97B0-D2067576BA0F}.Ad-Hoc|Any CPU.ActiveCfg = Release|Any CPU
		{A63B6B94-3410-4D40-97B0-D2067576BA0F}.Ad-Hoc|Any CPU.Build.0 = Release|Any CPU
		{A63B6B94-3410-4D40-97B0-D2067576BA0F}.Ad-Hoc|iPhone.ActiveCfg = Release|Any CPU
		{A63B6B94-3410-4D40-97B0-D2067576BA0F}.Ad-Hoc|iPhone.Build.0 = Release|Any CPU
		{A63B6B94-3410-4D40-97B0-D2067576BA0F}.Ad-Hoc|iPhoneSimulator.ActiveCfg = Release|Any CPU
		{A63B6B94-3410-4D40-97B0-D2067576BA0F}.Ad-Hoc|iPhoneSimulator.Build.0 = Release|Any CPU
		{A63B6B94-3410-4D40-97B0-D2067576BA0F}.AppStore|Any CPU.ActiveCfg = Release|Any CPU
		{A63B6B94-3410-4D40-97B0-D2067576BA0F}.AppStore|Any CPU.Build.0 = Release|Any CPU
		{A63B6B94-3410-4D40-97B0-D2067576BA0F}.AppStore|iPhone.ActiveCfg = Release|Any CPU
		{A63B6B94-3410-4D40-97B0-D2067576BA0F}.AppStore|iPhone.Build.0 = Release|Any CPU
		{A63B6B94-3410-4D40-97B0-D2067576BA0F}.AppStore|iPhoneSimulator.ActiveCfg = Release|Any CPU
		{A63B6B94-3410-4D40-97B0-D2067576BA0F}.AppStore|iPhoneSimulator.Build.0 = Release|Any CPU
		{A63B6B94-3410-4D40-97B0-D2067576BA0F}.Debug|Any CPU.ActiveCfg = Debug|Any CPU
		{A63B6B94-3410-4D40-97B0-D2067576BA0F}.Debug|Any CPU.Build.0 = Debug|Any CPU
		{A63B6B94-3410-4D40-97B0-D2067576BA0F}.Debug|iPhone.ActiveCfg = Debug|Any CPU
		{A63B6B94-3410-4D40-97B0-D2067576BA0F}.Debug|iPhone.Build.0 = Debug|Any CPU
		{A63B6B94-3410-4D40-97B0-D2067576BA0F}.Debug|iPhoneSimulator.ActiveCfg = Debug|Any CPU
		{A63B6B94-3410-4D40-97B0-D2067576BA0F}.Debug|iPhoneSimulator.Build.0 = Debug|Any CPU
		{A63B6B94-3410-4D40-97B0-D2067576BA0F}.Release|Any CPU.ActiveCfg = Release|Any CPU
		{A63B6B94-3410-4D40-97B0-D2067576BA0F}.Release|Any CPU.Build.0 = Release|Any CPU
		{A63B6B94-3410-4D40-97B0-D2067576BA0F}.Release|iPhone.ActiveCfg = Release|Any CPU
		{A63B6B94-3410-4D40-97B0-D2067576BA0F}.Release|iPhone.Build.0 = Release|Any CPU
		{A63B6B94-3410-4D40-97B0-D2067576BA0F}.Release|iPhoneSimulator.ActiveCfg = Release|Any CPU
		{A63B6B94-3410-4D40-97B0-D2067576BA0F}.Release|iPhoneSimulator.Build.0 = Release|Any CPU
	EndGlobalSection
	GlobalSection(SolutionProperties) = preSolution
		HideSolutionNode = FALSE
	EndGlobalSection
	GlobalSection(ExtensibilityGlobals) = postSolution
		SolutionGuid = {6B844BC3-0B78-43E2-B5C4-D65A8B070EFF}
	EndGlobalSection
EndGlobal
